{
  "pins" : [
    {
      "identity" : "filesugar",
      "kind" : "remoteSourceControl",
      "location" : "https://github.com/eonist/FileSugar.git",
      "state" : {
        "branch" : "master",
        "revision" : "c34a50f8c1976dabc0f70d14324784694dd94532"
      }
    },
    {
      "identity" : "jsonsugar",
      "kind" : "remoteSourceControl",
      "location" : "https://github.com/eonist/JSONSugar.git",
      "state" : {
        "branch" : "master",
        "revision" : "f27ec9a55e157d59b3a626f6fc78416fba4d3204"
      }
    },
    {
      "identity" : "mockgen",
      "kind" : "remoteSourceControl",
      "location" : "https://github.com/sentryco/MockGen.git",
      "state" : {
        "branch" : "main",
        "revision" : "12643b5ba623fc6426d4121f74911f97aa56bb60"
      }
    }
  ],
  "version" : 2
}
